
Microsoft Visual Studio Solution File, Format Version 12.00
Project("{FAE04EC0-301F-11D3-BF4B-00C04F79EFBC}") = "Domain", "Core\Domain\Domain.csproj", "{7D674747-8559-4056-8EC2-CDEC32285056}"
EndProject
Project("{FAE04EC0-301F-11D3-BF4B-00C04F79EFBC}") = "Application", "Core\Application\Application.csproj", "{0E4EA6BE-3E00-43BF-AD82-748C0849B9DC}"
EndProject
Project("{FAE04EC0-301F-11D3-BF4B-00C04F79EFBC}") = "Persistence", "Infrastructure\Persistence\Persistence.csproj", "{889CB319-F801-4C9D-87CF-E5723052FC4E}"
EndProject
Project("{FAE04EC0-301F-11D3-BF4B-00C04F79EFBC}") = "WebApi", "Presentation\WebApi\WebApi.csproj", "{3FFB57D4-C9DD-4C70-AF44-6C4F5FD1A3A0}"
EndProject
Global
	GlobalSection(SolutionConfigurationPlatforms) = preSolution
		Debug|Any CPU = Debug|Any CPU
		Release|Any CPU = Release|Any CPU
	EndGlobalSection
	GlobalSection(ProjectConfigurationPlatforms) = postSolution
		{7D674747-8559-4056-8EC2-CDEC32285056}.Debug|Any CPU.ActiveCfg = Debug|Any CPU
		{7D674747-8559-4056-8EC2-CDEC32285056}.Debug|Any CPU.Build.0 = Debug|Any CPU
		{7D674747-8559-4056-8EC2-CDEC32285056}.Release|Any CPU.ActiveCfg = Release|Any CPU
		{7D674747-8559-4056-8EC2-CDEC32285056}.Release|Any CPU.Build.0 = Release|Any CPU
		{0E4EA6BE-3E00-43BF-AD82-748C0849B9DC}.Debug|Any CPU.ActiveCfg = Debug|Any CPU
		{0E4EA6BE-3E00-43BF-AD82-748C0849B9DC}.Debug|Any CPU.Build.0 = Debug|Any CPU
		{0E4EA6BE-3E00-43BF-AD82-748C0849B9DC}.Release|Any CPU.ActiveCfg = Release|Any CPU
		{0E4EA6BE-3E00-43BF-AD82-748C0849B9DC}.Release|Any CPU.Build.0 = Release|Any CPU
		{889CB319-F801-4C9D-87CF-E5723052FC4E}.Debug|Any CPU.ActiveCfg = Debug|Any CPU
		{889CB319-F801-4C9D-87CF-E5723052FC4E}.Debug|Any CPU.Build.0 = Debug|Any CPU
		{889CB319-F801-4C9D-87CF-E5723052FC4E}.Release|Any CPU.ActiveCfg = Release|Any CPU
		{889CB319-F801-4C9D-87CF-E5723052FC4E}.Release|Any CPU.Build.0 = Release|Any CPU
		{3FFB57D4-C9DD-4C70-AF44-6C4F5FD1A3A0}.Debug|Any CPU.ActiveCfg = Debug|Any CPU
		{3FFB57D4-C9DD-4C70-AF44-6C4F5FD1A3A0}.Debug|Any CPU.Build.0 = Debug|Any CPU
		{3FFB57D4-C9DD-4C70-AF44-6C4F5FD1A3A0}.Release|Any CPU.ActiveCfg = Release|Any CPU
		{3FFB57D4-C9DD-4C70-AF44-6C4F5FD1A3A0}.Release|Any CPU.Build.0 = Release|Any CPU
	EndGlobalSection
EndGlobal
